// !$*UTF8*$!
{
	archiveVersion = 1;
	classes = {
	};
	objectVersion = 50;
	objects = {

/* Begin PBXBuildFile section */
		6EFEC170230D281800FE9B57 /* KActionMenu.h in Headers */ = {isa = PBXBuildFile; fileRef = 6EFEC16E230D281800FE9B57 /* KActionMenu.h */; settings = {ATTRIBUTES = (Public, ); }; };
		6EFEC179230D285600FE9B57 /* KActionTableCellView.xib in Resources */ = {isa = PBXBuildFile; fileRef = 6EFEC178230D285600FE9B57 /* KActionTableCellView.xib */; };
		6EFEC17E230D286000FE9B57 /* KActionTable.swift in Sources */ = {isa = PBXBuildFile; fileRef = 6EFEC17A230D286000FE9B57 /* KActionTable.swift */; };
		6EFEC17F230D286000FE9B57 /* KActionMenu.swift in Sources */ = {isa = PBXBuildFile; fileRef = 6EFEC17B230D286000FE9B57 /* KActionMenu.swift */; };
		6EFEC180230D286000FE9B57 /* KActionMenuView.swift in Sources */ = {isa = PBXBuildFile; fileRef = 6EFEC17C230D286000FE9B57 /* KActionMenuView.swift */; };
		6EFEC181230D286000FE9B57 /* KActionTableCell.swift in Sources */ = {isa = PBXBuildFile; fileRef = 6EFEC17D230D286000FE9B57 /* KActionTableCell.swift */; };
/* End PBXBuildFile section */

/* Begin PBXFileReference section */
		6EFEC16B230D281800FE9B57 /* KActionMenu.framework */ = {isa = PBXFileReference; explicitFileType = wrapper.framework; includeInIndex = 0; path = KActionMenu.framework; sourceTree = BUILT_PRODUCTS_DIR; };
		6EFEC16E230D281800FE9B57 /* KActionMenu.h */ = {isa = PBXFileReference; lastKnownFileType = sourcecode.c.h; path = KActionMenu.h; sourceTree = "<group>"; };
		6EFEC16F230D281800FE9B57 /* Info.plist */ = {isa = PBXFileReference; lastKnownFileType = text.plist.xml; path = Info.plist; sourceTree = "<group>"; };
		6EFEC178230D285600FE9B57 /* KActionTableCellView.xib */ = {isa = PBXFileReference; fileEncoding = 4; lastKnownFileType = file.xib; path = KActionTableCellView.xib; sourceTree = "<group>"; };
		6EFEC17A230D286000FE9B57 /* KActionTable.swift */ = {isa = PBXFileReference; fileEncoding = 4; lastKnownFileType = sourcecode.swift; path = KActionTable.swift; sourceTree = "<group>"; };
		6EFEC17B230D286000FE9B57 /* KActionMenu.swift */ = {isa = PBXFileReference; fileEncoding = 4; lastKnownFileType = sourcecode.swift; path = KActionMenu.swift; sourceTree = "<group>"; };
		6EFEC17C230D286000FE9B57 /* KActionMenuView.swift */ = {isa = PBXFileReference; fileEncoding = 4; lastKnownFileType = sourcecode.swift; path = KActionMenuView.swift; sourceTree = "<group>"; };
		6EFEC17D230D286000FE9B57 /* KActionTableCell.swift */ = {isa = PBXFileReference; fileEncoding = 4; lastKnownFileType = sourcecode.swift; path = KActionTableCell.swift; sourceTree = "<group>"; };
/* End PBXFileReference section */

/* Begin PBXFrameworksBuildPhase section */
		6EFEC168230D281800FE9B57 /* Frameworks */ = {
			isa = PBXFrameworksBuildPhase;
			buildActionMask = 2147483647;
			files = (
			);
			runOnlyForDeploymentPostprocessing = 0;
		};
/* End PBXFrameworksBuildPhase section */

/* Begin PBXGroup section */
		6EFEC161230D281800FE9B57 = {
			isa = PBXGroup;
			children = (
				6EFEC16D230D281800FE9B57 /* KActionMenu */,
				6EFEC16C230D281800FE9B57 /* Products */,
			);
			sourceTree = "<group>";
		};
		6EFEC16C230D281800FE9B57 /* Products */ = {
			isa = PBXGroup;
			children = (
				6EFEC16B230D281800FE9B57 /* KActionMenu.framework */,
			);
			name = Products;
			sourceTree = "<group>";
		};
		6EFEC16D230D281800FE9B57 /* KActionMenu */ = {
			isa = PBXGroup;
			children = (
				6EFEC177230D283A00FE9B57 /* Sources */,
				6EFEC176230D283500FE9B57 /* View */,
				6EFEC16E230D281800FE9B57 /* KActionMenu.h */,
				6EFEC16F230D281800FE9B57 /* Info.plist */,
			);
			path = KActionMenu;
			sourceTree = "<group>";
		};
		6EFEC176230D283500FE9B57 /* View */ = {
			isa = PBXGroup;
			children = (
				6EFEC178230D285600FE9B57 /* KActionTableCellView.xib */,
			);
			path = View;
			sourceTree = "<group>";
		};
		6EFEC177230D283A00FE9B57 /* Sources */ = {
			isa = PBXGroup;
			children = (
				6EFEC17B230D286000FE9B57 /* KActionMenu.swift */,
				6EFEC17C230D286000FE9B57 /* KActionMenuView.swift */,
				6EFEC17A230D286000FE9B57 /* KActionTable.swift */,
				6EFEC17D230D286000FE9B57 /* KActionTableCell.swift */,
			);
			path = Sources;
			sourceTree = "<group>";
		};
/* End PBXGroup section */

/* Begin PBXHeadersBuildPhase section */
		6EFEC166230D281800FE9B57 /* Headers */ = {
			isa = PBXHeadersBuildPhase;
			buildActionMask = 2147483647;
			files = (
				6EFEC170230D281800FE9B57 /* KActionMenu.h in Headers */,
			);
			runOnlyForDeploymentPostprocessing = 0;
		};
/* End PBXHeadersBuildPhase section */

/* Begin PBXNativeTarget section */
		6EFEC16A230D281800FE9B57 /* KActionMenu */ = {
			isa = PBXNativeTarget;
			buildConfigurationList = 6EFEC173230D281800FE9B57 /* Build configuration list for PBXNativeTarget "KActionMenu" */;
			buildPhases = (
				6EFEC166230D281800FE9B57 /* Headers */,
				6EFEC167230D281800FE9B57 /* Sources */,
				6EFEC168230D281800FE9B57 /* Frameworks */,
				6EFEC169230D281800FE9B57 /* Resources */,
			);
			buildRules = (
			);
			dependencies = (
			);
			name = KActionMenu;
			productName = KActionMenu;
			productReference = 6EFEC16B230D281800FE9B57 /* KActionMenu.framework */;
			productType = "com.apple.product-type.framework";
		};
/* End PBXNativeTarget section */

/* Begin PBXProject section */
		6EFEC162230D281800FE9B57 /* Project object */ = {
			isa = PBXProject;
			attributes = {
				LastUpgradeCheck = 1030;
				ORGANIZATIONNAME = "Kenan Atmaca";
				TargetAttributes = {
					6EFEC16A230D281800FE9B57 = {
						CreatedOnToolsVersion = 10.3;
						LastSwiftMigration = 1030;
					};
				};
			};
			buildConfigurationList = 6EFEC165230D281800FE9B57 /* Build configuration list for PBXProject "KActionMenu" */;
			compatibilityVersion = "Xcode 9.3";
			developmentRegion = en;
			hasScannedForEncodings = 0;
			knownRegions = (
				en,
			);
			mainGroup = 6EFEC161230D281800FE9B57;
			productRefGroup = 6EFEC16C230D281800FE9B57 /* Products */;
			projectDirPath = "";
			projectRoot = "";
			targets = (
				6EFEC16A230D281800FE9B57 /* KActionMenu */,
			);
		};
/* End PBXProject section */

/* Begin PBXResourcesBuildPhase section */
		6EFEC169230D281800FE9B57 /* Resources */ = {
			isa = PBXResourcesBuildPhase;
			buildActionMask = 2147483647;
			files = (
				6EFEC179230D285600FE9B57 /* KActionTableCellView.xib in Resources */,
			);
			runOnlyForDeploymentPostprocessing = 0;
		};
/* End PBXResourcesBuildPhase section */

/* Begin PBXSourcesBuildPhase section */
		6EFEC167230D281800FE9B57 /* Sources */ = {
			isa = PBXSourcesBuildPhase;
			buildActionMask = 2147483647;
			files = (
				6EFEC180230D286000FE9B57 /* KActionMenuView.swift in Sources */,
				6EFEC17F230D286000FE9B57 /* KActionMenu.swift in Sources */,
				6EFEC181230D286000FE9B57 /* KActionTableCell.swift in Sources */,
				6EFEC17E230D286000FE9B57 /* KActionTable.swift in Sources */,
			);
			runOnlyForDeploymentPostprocessing = 0;
		};
/* End PBXSourcesBuildPhase section */

/* Begin XCBuildConfiguration section */
		6EFEC171230D281800FE9B57 /* Debug */ = {
			isa = XCBuildConfiguration;
			buildSettings = {
				ALWAYS_SEARCH_USER_PATHS = NO;
				CLANG_ANALYZER_NONNULL = YES;
				CLANG_ANALYZER_NUMBER_OBJECT_CONVERSION = YES_AGGRESSIVE;
				CLANG_CXX_LANGUAGE_STANDARD = "gnu++14";
				CLANG_CXX_LIBRARY = "libc++";
				CLANG_ENABLE_MODULES = YES;
				CLANG_ENABLE_OBJC_ARC = YES;
				CLANG_ENABLE_OBJC_WEAK = YES;
				CLANG_WARN_BLOCK_CAPTURE_AUTORELEASING = YES;
				CLANG_WARN_BOOL_CONVERSION = YES;
				CLANG_WARN_COMMA = YES;
				CLANG_WARN_CONSTANT_CONVERSION = YES;
				CLANG_WARN_DEPRECATED_OBJC_IMPLEMENTATIONS = YES;
				CLANG_WARN_DIRECT_OBJC_ISA_USAGE = YES_ERROR;
				CLANG_WARN_DOCUMENTATION_COMMENTS = YES;
				CLANG_WARN_EMPTY_BODY = YES;
				CLANG_WARN_ENUM_CONVERSION = YES;
				CLANG_WARN_INFINITE_RECURSION = YES;
				CLANG_WARN_INT_CONVERSION = YES;
				CLANG_WARN_NON_LITERAL_NULL_CONVERSION = YES;
				CLANG_WARN_OBJC_IMPLICIT_RETAIN_SELF = YES;
				CLANG_WARN_OBJC_LITERAL_CONVERSION = YES;
				CLANG_WARN_OBJC_ROOT_CLASS = YES_ERROR;
				CLANG_WARN_RANGE_LOOP_ANALYSIS = YES;
				CLANG_WARN_STRICT_PROTOTYPES = YES;
				CLANG_WARN_SUSPICIOUS_MOVE = YES;
				CLANG_WARN_UNGUARDED_AVAILABILITY = YES_AGGRESSIVE;
				CLANG_WARN_UNREACHABLE_CODE = YES;
				CLANG_WARN__DUPLICATE_METHOD_MATCH = YES;
				CODE_SIGN_IDENTITY = "iPhone Developer";
				COPY_PHASE_STRIP = NO;
				CURRENT_PROJECT_VERSION = 1;
				DEBUG_INFORMATION_FORMAT = dwarf;
				ENABLE_STRICT_OBJC_MSGSEND = YES;
				ENABLE_TESTABILITY = YES;
				GCC_C_LANGUAGE_STANDARD = gnu11;
				GCC_DYNAMIC_NO_PIC = NO;
				GCC_NO_COMMON_BLOCKS = YES;
				GCC_OPTIMIZATION_LEVEL = 0;
				GCC_PREPROCESSOR_DEFINITIONS = (
					"DEBUG=1",
					"$(inherited)",
				);
				GCC_WARN_64_TO_32_BIT_CONVERSION = YES;
				GCC_WARN_ABOUT_RETURN_TYPE = YES_ERROR;
				GCC_WARN_UNDECLARED_SELECTOR = YES;
				GCC_WARN_UNINITIALIZED_AUTOS = YES_AGGRESSIVE;
				GCC_WARN_UNUSED_FUNCTION = YES;
				GCC_WARN_UNUSED_VARIABLE = YES;
				IPHONEOS_DEPLOYMENT_TARGET = 11.0;
				MTL_ENABLE_DEBUG_INFO = INCLUDE_SOURCE;
				MTL_FAST_MATH = YES;
				ONLY_ACTIVE_ARCH = YES;
				SDKROOT = iphoneos;
				SWIFT_ACTIVE_COMPILATION_CONDITIONS = DEBUG;
				SWIFT_OPTIMIZATION_LEVEL = "-Onone";
				VERSIONING_SYSTEM = "apple-generic";
				VERSION_INFO_PREFIX = "";
			};
			name = Debug;
		};
		6EFEC172230D281800FE9B57 /* Release */ = {
			isa = XCBuildConfiguration;
			buildSettings = {
				ALWAYS_SEARCH_USER_PATHS = NO;
				CLANG_ANALYZER_NONNULL = YES;
				CLANG_ANALYZER_NUMBER_OBJECT_CONVERSION = YES_AGGRESSIVE;
				CLANG_CXX_LANGUAGE_STANDARD = "gnu++14";
				CLANG_CXX_LIBRARY = "libc++";
				CLANG_ENABLE_MODULES = YES;
				CLANG_ENABLE_OBJC_ARC = YES;
				CLANG_ENABLE_OBJC_WEAK = YES;
				CLANG_WARN_BLOCK_CAPTURE_AUTORELEASING = YES;
				CLANG_WARN_BOOL_CONVERSION = YES;
				CLANG_WARN_COMMA = YES;
				CLANG_WARN_CONSTANT_CONVERSION = YES;
				CLANG_WARN_DEPRECATED_OBJC_IMPLEMENTATIONS = YES;
				CLANG_WARN_DIRECT_OBJC_ISA_USAGE = YES_ERROR;
				CLANG_WARN_DOCUMENTATION_COMMENTS = YES;
				CLANG_WARN_EMPTY_BODY = YES;
				CLANG_WARN_ENUM_CONVERSION = YES;
				CLANG_WARN_INFINITE_RECURSION = YES;
				CLANG_WARN_INT_CONVERSION = YES;
				CLANG_WARN_NON_LITERAL_NULL_CONVERSION = YES;
				CLANG_WARN_OBJC_IMPLICIT_RETAIN_SELF = YES;
				CLANG_WARN_OBJC_LITERAL_CONVERSION = YES;
				CLANG_WARN_OBJC_ROOT_CLASS = YES_ERROR;
				CLANG_WARN_RANGE_LOOP_ANALYSIS = YES;
				CLANG_WARN_STRICT_PROTOTYPES = YES;
				CLANG_WARN_SUSPICIOUS_MOVE = YES;
				CLANG_WARN_UNGUARDED_AVAILABILITY = YES_AGGRESSIVE;
				CLANG_WARN_UNREACHABLE_CODE = YES;
				CLANG_WARN__DUPLICATE_METHOD_MATCH = YES;
				CODE_SIGN_IDENTITY = "iPhone Developer";
				COPY_PHASE_STRIP = NO;
				CURRENT_PROJECT_VERSION = 1;
				DEBUG_INFORMATION_FORMAT = "dwarf-with-dsym";
				ENABLE_NS_ASSERTIONS = NO;
				ENABLE_STRICT_OBJC_MSGSEND = YES;
				GCC_C_LANGUAGE_STANDARD = gnu11;
				GCC_NO_COMMON_BLOCKS = YES;
				GCC_WARN_64_TO_32_BIT_CONVERSION = YES;
				GCC_WARN_ABOUT_RETURN_TYPE = YES_ERROR;
				GCC_WARN_UNDECLARED_SELECTOR = YES;
				GCC_WARN_UNINITIALIZED_AUTOS = YES_AGGRESSIVE;
				GCC_WARN_UNUSED_FUNCTION = YES;
				GCC_WARN_UNUSED_VARIABLE = YES;
				IPHONEOS_DEPLOYMENT_TARGET = 11.0;
				MTL_ENABLE_DEBUG_INFO = NO;
				MTL_FAST_MATH = YES;
				SDKROOT = iphoneos;
				SWIFT_COMPILATION_MODE = wholemodule;
				SWIFT_OPTIMIZATION_LEVEL = "-O";
				VALIDATE_PRODUCT = YES;
				VERSIONING_SYSTEM = "apple-generic";
				VERSION_INFO_PREFIX = "";
			};
			name = Release;
		};
		6EFEC174230D281800FE9B57 /* Debug */ = {
			isa = XCBuildConfiguration;
			buildSettings = {
				CLANG_ENABLE_MODULES = YES;
				CODE_SIGN_IDENTITY = "";
				CODE_SIGN_STYLE = Automatic;
				DEFINES_MODULE = YES;
				DEVELOPMENT_TEAM = 2B24WNBC56;
				DYLIB_COMPATIBILITY_VERSION = 1;
				DYLIB_CURRENT_VERSION = 1;
				DYLIB_INSTALL_NAME_BASE = "@rpath";
				INFOPLIST_FILE = KActionMenu/Info.plist;
				INSTALL_PATH = "$(LOCAL_LIBRARY_DIR)/Frameworks";
				IPHONEOS_DEPLOYMENT_TARGET = 11.0;
				LD_RUNPATH_SEARCH_PATHS = (
					"$(inherited)",
					"@executable_path/Frameworks",
					"@loader_path/Frameworks",
				);
				PRODUCT_BUNDLE_IDENTIFIER = com.kenan.KActionMenu;
				PRODUCT_NAME = "$(TARGET_NAME:c99extidentifier)";
				SKIP_INSTALL = YES;
				SWIFT_OPTIMIZATION_LEVEL = "-Onone";
				SWIFT_VERSION = 5.0;
				TARGETED_DEVICE_FAMILY = 1;
			};
			name = Debug;
		};
		6EFEC175230D281800FE9B57 /* Release */ = {
			isa = XCBuildConfiguration;
			buildSettings = {
				CLANG_ENABLE_MODULES = YES;
				CODE_SIGN_IDENTITY = "";
				CODE_SIGN_STYLE = Automatic;
				DEFINES_MODULE = YES;
				DEVELOPMENT_TEAM = 2B24WNBC56;
				DYLIB_COMPATIBILITY_VERSION = 1;
				DYLIB_CURRENT_VERSION = 1;
				DYLIB_INSTALL_NAME_BASE = "@rpath";
				INFOPLIST_FILE = KActionMenu/Info.plist;
				INSTALL_PATH = "$(LOCAL_LIBRARY_DIR)/Frameworks";
				IPHONEOS_DEPLOYMENT_TARGET = 11.0;
				LD_RUNPATH_SEARCH_PATHS = (
					"$(inherited)",
					"@executable_path/Frameworks",
					"@loader_path/Frameworks",
				);
				PRODUCT_BUNDLE_IDENTIFIER = com.kenan.KActionMenu;
				PRODUCT_NAME = "$(TARGET_NAME:c99extidentifier)";
				SKIP_INSTALL = YES;
				SWIFT_VERSION = 5.0;
				TARGETED_DEVICE_FAMILY = 1;
			};
			name = Release;
		};
/* End XCBuildConfiguration section */

/* Begin XCConfigurationList section */
		6EFEC165230D281800FE9B57 /* Build configuration list for PBXProject "KActionMenu" */ = {
			isa = XCConfigurationList;
			buildConfigurations = (
				6EFEC171230D281800FE9B57 /* Debug */,
				6EFEC172230D281800FE9B57 /* Release */,
			);
			defaultConfigurationIsVisible = 0;
			defaultConfigurationName = Release;
		};
		6EFEC173230D281800FE9B57 /* Build configuration list for PBXNativeTarget "KActionMenu" */ = {
			isa = XCConfigurationList;
			buildConfigurations = (
				6EFEC174230D281800FE9B57 /* Debug */,
				6EFEC175230D281800FE9B57 /* Release */,
			);
			defaultConfigurationIsVisible = 0;
			defaultConfigurationName = Release;
		};
/* End XCConfigurationList section */
	};
	rootObject = 6EFEC162230D281800FE9B57 /* Project object */;
}
